// !$*UTF8*$!
{
	archiveVersion = 1;
	classes = {
	};
	objectVersion = 46;
	objects = {

/* Begin PBXBuildFile section */
		951CE0091DD1A3EA00EF4A74 /* main.m in Sources */ = {isa = PBXBuildFile; fileRef = 951CE0081DD1A3EA00EF4A74 /* main.m */; };
		951CE00C1DD1A3EA00EF4A74 /* AppDelegate.m in Sources */ = {isa = PBXBuildFile; fileRef = 951CE00B1DD1A3EA00EF4A74 /* AppDelegate.m */; };
		951CE00F1DD1A3EA00EF4A74 /* ViewController.m in Sources */ = {isa = PBXBuildFile; fileRef = 951CE00E1DD1A3EA00EF4A74 /* ViewController.m */; };
		951CE0121DD1A3EA00EF4A74 /* Main.storyboard in Resources */ = {isa = PBXBuildFile; fileRef = 951CE0101DD1A3EA00EF4A74 /* Main.storyboard */; };
		951CE0141DD1A3EA00EF4A74 /* Assets.xcassets in Resources */ = {isa = PBXBuildFile; fileRef = 951CE0131DD1A3EA00EF4A74 /* Assets.xcassets */; };
		951CE0171DD1A3EA00EF4A74 /* LaunchScreen.storyboard in Resources */ = {isa = PBXBuildFile; fileRef = 951CE0151DD1A3EA00EF4A74 /* LaunchScreen.storyboard */; };
		951CE0201DD1A3FC00EF4A74 /* LWXCache.m in Sources */ = {isa = PBXBuildFile; fileRef = 951CE01F1DD1A3FC00EF4A74 /* LWXCache.m */; };
/* End PBXBuildFile section */

/* Begin PBXFileReference section */
		951CE0041DD1A3EA00EF4A74 /* CacheDemo.app */ = {isa = PBXFileReference; explicitFileType = wrapper.application; includeInIndex = 0; path = CacheDemo.app; sourceTree = BUILT_PRODUCTS_DIR; };
		951CE0081DD1A3EA00EF4A74 /* main.m */ = {isa = PBXFileReference; lastKnownFileType = sourcecode.c.objc; path = main.m; sourceTree = "<group>"; };
		951CE00A1DD1A3EA00EF4A74 /* AppDelegate.h */ = {isa = PBXFileReference; lastKnownFileType = sourcecode.c.h; path = AppDelegate.h; sourceTree = "<group>"; };
		951CE00B1DD1A3EA00EF4A74 /* AppDelegate.m */ = {isa = PBXFileReference; lastKnownFileType = sourcecode.c.objc; path = AppDelegate.m; sourceTree = "<group>"; };
		951CE00D1DD1A3EA00EF4A74 /* ViewController.h */ = {isa = PBXFileReference; lastKnownFileType = sourcecode.c.h; path = ViewController.h; sourceTree = "<group>"; };
		951CE00E1DD1A3EA00EF4A74 /* ViewController.m */ = {isa = PBXFileReference; lastKnownFileType = sourcecode.c.objc; path = ViewController.m; sourceTree = "<group>"; };
		951CE0111DD1A3EA00EF4A74 /* Base */ = {isa = PBXFileReference; lastKnownFileType = file.storyboard; name = Base; path = Base.lproj/Main.storyboard; sourceTree = "<group>"; };
		951CE0131DD1A3EA00EF4A74 /* Assets.xcassets */ = {isa = PBXFileReference; lastKnownFileType = folder.assetcatalog; path = Assets.xcassets; sourceTree = "<group>"; };
		951CE0161DD1A3EA00EF4A74 /* Base */ = {isa = PBXFileReference; lastKnownFileType = file.storyboard; name = Base; path = Base.lproj/LaunchScreen.storyboard; sourceTree = "<group>"; };
		951CE0181DD1A3EA00EF4A74 /* Info.plist */ = {isa = PBXFileReference; lastKnownFileType = text.plist.xml; path = Info.plist; sourceTree = "<group>"; };
		951CE01E1DD1A3FC00EF4A74 /* LWXCache.h */ = {isa = PBXFileReference; fileEncoding = 4; lastKnownFileType = sourcecode.c.h; path = LWXCache.h; sourceTree = "<group>"; };
		951CE01F1DD1A3FC00EF4A74 /* LWXCache.m */ = {isa = PBXFileReference; fileEncoding = 4; lastKnownFileType = sourcecode.c.objc; path = LWXCache.m; sourceTree = "<group>"; };
/* End PBXFileReference section */

/* Begin PBXFrameworksBuildPhase section */
		951CE0011DD1A3EA00EF4A74 /* Frameworks */ = {
			isa = PBXFrameworksBuildPhase;
			buildActionMask = 2147483647;
			files = (
			);
			runOnlyForDeploymentPostprocessing = 0;
		};
/* End PBXFrameworksBuildPhase section */

/* Begin PBXGroup section */
		951CDFFB1DD1A3EA00EF4A74 = {
			isa = PBXGroup;
			children = (
				951CE0061DD1A3EA00EF4A74 /* CacheDemo */,
				951CE0051DD1A3EA00EF4A74 /* Products */,
			);
			sourceTree = "<group>";
		};
		951CE0051DD1A3EA00EF4A74 /* Products */ = {
			isa = PBXGroup;
			children = (
				951CE0041DD1A3EA00EF4A74 /* CacheDemo.app */,
			);
			name = Products;
			sourceTree = "<group>";
		};
		951CE0061DD1A3EA00EF4A74 /* CacheDemo */ = {
			isa = PBXGroup;
			children = (
				951CE01E1DD1A3FC00EF4A74 /* LWXCache.h */,
				951CE01F1DD1A3FC00EF4A74 /* LWXCache.m */,
				951CE00A1DD1A3EA00EF4A74 /* AppDelegate.h */,
				951CE00B1DD1A3EA00EF4A74 /* AppDelegate.m */,
				951CE00D1DD1A3EA00EF4A74 /* ViewController.h */,
				951CE00E1DD1A3EA00EF4A74 /* ViewController.m */,
				951CE0101DD1A3EA00EF4A74 /* Main.storyboard */,
				951CE0131DD1A3EA00EF4A74 /* Assets.xcassets */,
				951CE0151DD1A3EA00EF4A74 /* LaunchScreen.storyboard */,
				951CE0181DD1A3EA00EF4A74 /* Info.plist */,
				951CE0071DD1A3EA00EF4A74 /* Supporting Files */,
			);
			path = CacheDemo;
			sourceTree = "<group>";
		};
		951CE0071DD1A3EA00EF4A74 /* Supporting Files */ = {
			isa = PBXGroup;
			children = (
				951CE0081DD1A3EA00EF4A74 /* main.m */,
			);
			name = "Supporting Files";
			sourceTree = "<group>";
		};
/* End PBXGroup section */

/* Begin PBXNativeTarget section */
		951CE0031DD1A3EA00EF4A74 /* CacheDemo */ = {
			isa = PBXNativeTarget;
			buildConfigurationList = 951CE01B1DD1A3EA00EF4A74 /* Build configuration list for PBXNativeTarget "CacheDemo" */;
			buildPhases = (
				951CE0001DD1A3EA00EF4A74 /* Sources */,
				951CE0011DD1A3EA00EF4A74 /* Frameworks */,
				951CE0021DD1A3EA00EF4A74 /* Resources */,
			);
			buildRules = (
			);
			dependencies = (
			);
			name = CacheDemo;
			productName = CacheDemo;
			productReference = 951CE0041DD1A3EA00EF4A74 /* CacheDemo.app */;
			productType = "com.apple.product-type.application";
		};
/* End PBXNativeTarget section */

/* Begin PBXProject section */
		951CDFFC1DD1A3EA00EF4A74 /* Project object */ = {
			isa = PBXProject;
			attributes = {
				LastUpgradeCheck = 0800;
				ORGANIZATIONNAME = lwx;
				TargetAttributes = {
					951CE0031DD1A3EA00EF4A74 = {
						CreatedOnToolsVersion = 8.0;
						ProvisioningStyle = Automatic;
					};
				};
			};
			buildConfigurationList = 951CDFFF1DD1A3EA00EF4A74 /* Build configuration list for PBXProject "CacheDemo" */;
			compatibilityVersion = "Xcode 3.2";
			developmentRegion = English;
			hasScannedForEncodings = 0;
			knownRegions = (
				en,
				Base,
			);
			mainGroup = 951CDFFB1DD1A3EA00EF4A74;
			productRefGroup = 951CE0051DD1A3EA00EF4A74 /* Products */;
			projectDirPath = "";
			projectRoot = "";
			targets = (
				951CE0031DD1A3EA00EF4A74 /* CacheDemo */,
			);
		};
/* End PBXProject section */

/* Begin PBXResourcesBuildPhase section */
		951CE0021DD1A3EA00EF4A74 /* Resources */ = {
			isa = PBXResourcesBuildPhase;
			buildActionMask = 2147483647;
			files = (
				951CE0171DD1A3EA00EF4A74 /* LaunchScreen.storyboard in Resources */,
				951CE0141DD1A3EA00EF4A74 /* Assets.xcassets in Resources */,
				951CE0121DD1A3EA00EF4A74 /* Main.storyboard in Resources */,
			);
			runOnlyForDeploymentPostprocessing = 0;
		};
/* End PBXResourcesBuildPhase section */

/* Begin PBXSourcesBuildPhase section */
		951CE0001DD1A3EA00EF4A74 /* Sources */ = {
			isa = PBXSourcesBuildPhase;
			buildActionMask = 2147483647;
			files = (
				951CE0201DD1A3FC00EF4A74 /* LWXCache.m in Sources */,
				951CE00F1DD1A3EA00EF4A74 /* ViewController.m in Sources */,
				951CE00C1DD1A3EA00EF4A74 /* AppDelegate.m in Sources */,
				951CE0091DD1A3EA00EF4A74 /* main.m in Sources */,
			);
			runOnlyForDeploymentPostprocessing = 0;
		};
/* End PBXSourcesBuildPhase section */

/* Begin PBXVariantGroup section */
		951CE0101DD1A3EA00EF4A74 /* Main.storyboard */ = {
			isa = PBXVariantGroup;
			children = (
				951CE0111DD1A3EA00EF4A74 /* Base */,
			);
			name = Main.storyboard;
			sourceTree = "<group>";
		};
		951CE0151DD1A3EA00EF4A74 /* LaunchScreen.storyboard */ = {
			isa = PBXVariantGroup;
			children = (
				951CE0161DD1A3EA00EF4A74 /* Base */,
			);
			name = LaunchScreen.storyboard;
			sourceTree = "<group>";
		};
/* End PBXVariantGroup section */

/* Begin XCBuildConfiguration section */
		951CE0191DD1A3EA00EF4A74 /* Debug */ = {
			isa = XCBuildConfiguration;
			buildSettings = {
				ALWAYS_SEARCH_USER_PATHS = NO;
				CLANG_ANALYZER_NONNULL = YES;
				CLANG_CXX_LANGUAGE_STANDARD = "gnu++0x";
				CLANG_CXX_LIBRARY = "libc++";
				CLANG_ENABLE_MODULES = YES;
				CLANG_ENABLE_OBJC_ARC = YES;
				CLANG_WARN_BOOL_CONVERSION = YES;
				CLANG_WARN_CONSTANT_CONVERSION = YES;
				CLANG_WARN_DIRECT_OBJC_ISA_USAGE = YES_ERROR;
				CLANG_WARN_DOCUMENTATION_COMMENTS = YES;
				CLANG_WARN_EMPTY_BODY = YES;
				CLANG_WARN_ENUM_CONVERSION = YES;
				CLANG_WARN_INFINITE_RECURSION = YES;
				CLANG_WARN_INT_CONVERSION = YES;
				CLANG_WARN_OBJC_ROOT_CLASS = YES_ERROR;
				CLANG_WARN_SUSPICIOUS_MOVES = YES;
				CLANG_WARN_UNREACHABLE_CODE = YES;
				CLANG_WARN__DUPLICATE_METHOD_MATCH = YES;
				"CODE_SIGN_IDENTITY[sdk=iphoneos*]" = "iPhone Developer";
				COPY_PHASE_STRIP = NO;
				DEBUG_INFORMATION_FORMAT = dwarf;
				ENABLE_STRICT_OBJC_MSGSEND = YES;
				ENABLE_TESTABILITY = YES;
				GCC_C_LANGUAGE_STANDARD = gnu99;
				GCC_DYNAMIC_NO_PIC = NO;
				GCC_NO_COMMON_BLOCKS = YES;
				GCC_OPTIMIZATION_LEVEL = 0;
				GCC_PREPROCESSOR_DEFINITIONS = (
					"DEBUG=1",
					"$(inherited)",
				);
				GCC_WARN_64_TO_32_BIT_CONVERSION = YES;
				GCC_WARN_ABOUT_RETURN_TYPE = YES_ERROR;
				GCC_WARN_UNDECLARED_SELECTOR = YES;
				GCC_WARN_UNINITIALIZED_AUTOS = YES_AGGRESSIVE;
				GCC_WARN_UNUSED_FUNCTION = YES;
				GCC_WARN_UNUSED_VARIABLE = YES;
				IPHONEOS_DEPLOYMENT_TARGET = 10.0;
				MTL_ENABLE_DEBUG_INFO = YES;
				ONLY_ACTIVE_ARCH = YES;
				SDKROOT = iphoneos;
			};
			name = Debug;
		};
		951CE01A1DD1A3EA00EF4A74 /* Release */ = {
			isa = XCBuildConfiguration;
			buildSettings = {
				ALWAYS_SEARCH_USER_PATHS = NO;
				CLANG_ANALYZER_NONNULL = YES;
				CLANG_CXX_LANGUAGE_STANDARD = "gnu++0x";
				CLANG_CXX_LIBRARY = "libc++";
				CLANG_ENABLE_MODULES = YES;
				CLANG_ENABLE_OBJC_ARC = YES;
				CLANG_WARN_BOOL_CONVERSION = YES;
				CLANG_WARN_CONSTANT_CONVERSION = YES;
				CLANG_WARN_DIRECT_OBJC_ISA_USAGE = YES_ERROR;
				CLANG_WARN_DOCUMENTATION_COMMENTS = YES;
				CLANG_WARN_EMPTY_BODY = YES;
				CLANG_WARN_ENUM_CONVERSION = YES;
				CLANG_WARN_INFINITE_RECURSION = YES;
				CLANG_WARN_INT_CONVERSION = YES;
				CLANG_WARN_OBJC_ROOT_CLASS = YES_ERROR;
				CLANG_WARN_SUSPICIOUS_MOVES = YES;
				CLANG_WARN_UNREACHABLE_CODE = YES;
				CLANG_WARN__DUPLICATE_METHOD_MATCH = YES;
				"CODE_SIGN_IDENTITY[sdk=iphoneos*]" = "iPhone Developer";
				COPY_PHASE_STRIP = NO;
				DEBUG_INFORMATION_FORMAT = "dwarf-with-dsym";
				ENABLE_NS_ASSERTIONS = NO;
				ENABLE_STRICT_OBJC_MSGSEND = YES;
				GCC_C_LANGUAGE_STANDARD = gnu99;
				GCC_NO_COMMON_BLOCKS = YES;
				GCC_WARN_64_TO_32_BIT_CONVERSION = YES;
				GCC_WARN_ABOUT_RETURN_TYPE = YES_ERROR;
				GCC_WARN_UNDECLARED_SELECTOR = YES;
				GCC_WARN_UNINITIALIZED_AUTOS = YES_AGGRESSIVE;
				GCC_WARN_UNUSED_FUNCTION = YES;
				GCC_WARN_UNUSED_VARIABLE = YES;
				IPHONEOS_DEPLOYMENT_TARGET = 10.0;
				MTL_ENABLE_DEBUG_INFO = NO;
				SDKROOT = iphoneos;
				VALIDATE_PRODUCT = YES;
			};
			name = Release;
		};
		951CE01C1DD1A3EA00EF4A74 /* Debug */ = {
			isa = XCBuildConfiguration;
			buildSettings = {
				ASSETCATALOG_COMPILER_APPICON_NAME = AppIcon;
				INFOPLIST_FILE = CacheDemo/Info.plist;
				LD_RUNPATH_SEARCH_PATHS = "$(inherited) @executable_path/Frameworks";
				PRODUCT_BUNDLE_IDENTIFIER = com.it.CacheDemo;
				PRODUCT_NAME = "$(TARGET_NAME)";
			};
			name = Debug;
		};
		951CE01D1DD1A3EA00EF4A74 /* Release */ = {
			isa = XCBuildConfiguration;
			buildSettings = {
				ASSETCATALOG_COMPILER_APPICON_NAME = AppIcon;
				INFOPLIST_FILE = CacheDemo/Info.plist;
				LD_RUNPATH_SEARCH_PATHS = "$(inherited) @executable_path/Frameworks";
				PRODUCT_BUNDLE_IDENTIFIER = com.it.CacheDemo;
				PRODUCT_NAME = "$(TARGET_NAME)";
			};
			name = Release;
		};
/* End XCBuildConfiguration section */

/* Begin XCConfigurationList section */
		951CDFFF1DD1A3EA00EF4A74 /* Build configuration list for PBXProject "CacheDemo" */ = {
			isa = XCConfigurationList;
			buildConfigurations = (
				951CE0191DD1A3EA00EF4A74 /* Debug */,
				951CE01A1DD1A3EA00EF4A74 /* Release */,
			);
			defaultConfigurationIsVisible = 0;
			defaultConfigurationName = Release;
		};
		951CE01B1DD1A3EA00EF4A74 /* Build configuration list for PBXNativeTarget "CacheDemo" */ = {
			isa = XCConfigurationList;
			buildConfigurations = (
				951CE01C1DD1A3EA00EF4A74 /* Debug */,
				951CE01D1DD1A3EA00EF4A74 /* Release */,
			);
			defaultConfigurationIsVisible = 0;
		};
/* End XCConfigurationList section */
	};
	rootObject = 951CDFFC1DD1A3EA00EF4A74 /* Project object */;
}
